
Microsoft Visual Studio Solution File, Format Version 11.00
# Visual Studio 2010
Project("{8BC9CEB8-8B4A-11D0-8D11-00A0C91BC942}") = "Ass2Sketch", "Ass2Sketch\Ass2Sketch.vcxproj", "{8FC429C0-418B-4E27-8C53-8D6FB2616F4B}"
EndProject
Global
	GlobalSection(SolutionConfigurationPlatforms) = preSolution
		Debug|Win32 = Debug|Win32
		Release|Win32 = Release|Win32
	EndGlobalSection
	GlobalSection(ProjectConfigurationPlatforms) = postSolution
		{8FC429C0-418B-4E27-8C53-8D6FB2616F4B}.Debug|Win32.ActiveCfg = Debug|Win32
		{8FC429C0-418B-4E27-8C53-8D6FB2616F4B}.Debug|Win32.Build.0 = Debug|Win32
		{8FC429C0-418B-4E27-8C53-8D6FB2616F4B}.Release|Win32.ActiveCfg = Release|Win32
		{8FC429C0-418B-4E27-8C53-8D6FB2616F4B}.Release|Win32.Build.0 = Release|Win32
	EndGlobalSection
	GlobalSection(SolutionProperties) = preSolution
		HideSolutionNode = FALSE
	EndGlobalSection
EndGlobal
